plasma-setup:
  upstream-sha: c78852f0d147e3e0f09dc53cc053115e338d863a
  patch-sha: 6089b09b2c4f9b95f58da5c7f2a2d65faf9ba7bd
kwin:
  patch-sha: ab7df7ccb7c6af20f4b279cd6220f7cd3d2267d7
  upstream-sha: 0b84e2e267a40c8a9de2a891fd08d581e12dc096
plasma-mobile:
  patch-sha: 10773c81e36b322f307737391f836126d1115277
  upstream-sha: 9ab8b8ffdf941aab55c5f3a7e9418d8e83cd7696
plasma-login-manager:
  patch-sha: e63894e7923db053413915ea582db2757303ca8f
  upstream-sha: f2e2d40bca2cbf4334610bd4df285dfa82c73762
